
Microsoft Visual Studio Solution File, Format Version 12.00
# Visual Studio Version 16
VisualStudioVersion = 16.0.30309.148
MinimumVisualStudioVersion = 10.0.40219.1
Project("{9A19103F-16F7-4668-BE54-9A1E7A4F7556}") = "StockChat.WebApi", "src\StockChat.WebApi\StockChat.WebApi.csproj", "{F0620BF0-C7F4-4755-8D38-4CFC26FC131C}"
EndProject
Project("{9A19103F-16F7-4668-BE54-9A1E7A4F7556}") = "StockChat.Web", "src\StockChat.Web\StockChat.Web.csproj", "{0AB9916E-14B3-415A-B4A6-F8DA0A1DFAD7}"
EndProject
Project("{2150E333-8FDC-42A3-9474-1A3956D46DE8}") = "0.Interface", "0.Interface", "{BD07DA4F-FC44-4C2E-8DC4-533EC187DC4F}"
EndProject
Project("{2150E333-8FDC-42A3-9474-1A3956D46DE8}") = "1.Business", "1.Business", "{B29E3DBF-0225-4488-BD04-AF0E31CB1983}"
EndProject
Project("{2150E333-8FDC-42A3-9474-1A3956D46DE8}") = "2.CrossCutting", "2.CrossCutting", "{AD053AE5-94C7-45E9-92A2-930341E46E75}"
EndProject
Project("{9A19103F-16F7-4668-BE54-9A1E7A4F7556}") = "StockChat.SignalR", "src\StockChat.SignalR\StockChat.SignalR.csproj", "{004C1845-6D26-4E47-A060-BF35EC0FA1B5}"
EndProject
Project("{9A19103F-16F7-4668-BE54-9A1E7A4F7556}") = "StockChat.Services", "src\StockChat.Services\StockChat.Services.csproj", "{CA54DBB3-25DA-48FB-ACBD-8DC0D3CA5CC7}"
EndProject
Project("{9A19103F-16F7-4668-BE54-9A1E7A4F7556}") = "StockChat.Domain", "src\StockChat.Domain\StockChat.Domain.csproj", "{2F6EB1CF-A90A-4E1D-8C72-5FEFF37497CC}"
EndProject
Project("{9A19103F-16F7-4668-BE54-9A1E7A4F7556}") = "StockChat.ExternalServices", "src\StockChat.ExternalServices\StockChat.ExternalServices.csproj", "{2476340C-7CDD-4662-B055-95B4FBE88ECD}"
EndProject
Project("{9A19103F-16F7-4668-BE54-9A1E7A4F7556}") = "StockChat.Mappings", "src\StockChat.Mappings\StockChat.Mappings.csproj", "{1D0FF240-E4E8-48C7-A471-F5AF0E54F4C3}"
EndProject
Project("{9A19103F-16F7-4668-BE54-9A1E7A4F7556}") = "StockChat.Broker", "src\StockChat.Broker\StockChat.Broker.csproj", "{B1C6A83D-0968-4583-81B4-A381B2580B9E}"
EndProject
Project("{2150E333-8FDC-42A3-9474-1A3956D46DE8}") = "3.Test", "3.Test", "{129C3980-5D06-45E2-90E6-977E16C4B6DD}"
EndProject
Global
	GlobalSection(SolutionConfigurationPlatforms) = preSolution
		Debug|Any CPU = Debug|Any CPU
		Release|Any CPU = Release|Any CPU
	EndGlobalSection
	GlobalSection(ProjectConfigurationPlatforms) = postSolution
		{F0620BF0-C7F4-4755-8D38-4CFC26FC131C}.Debug|Any CPU.ActiveCfg = Debug|Any CPU
		{F0620BF0-C7F4-4755-8D38-4CFC26FC131C}.Debug|Any CPU.Build.0 = Debug|Any CPU
		{F0620BF0-C7F4-4755-8D38-4CFC26FC131C}.Release|Any CPU.ActiveCfg = Release|Any CPU
		{F0620BF0-C7F4-4755-8D38-4CFC26FC131C}.Release|Any CPU.Build.0 = Release|Any CPU
		{0AB9916E-14B3-415A-B4A6-F8DA0A1DFAD7}.Debug|Any CPU.ActiveCfg = Debug|Any CPU
		{0AB9916E-14B3-415A-B4A6-F8DA0A1DFAD7}.Debug|Any CPU.Build.0 = Debug|Any CPU
		{0AB9916E-14B3-415A-B4A6-F8DA0A1DFAD7}.Release|Any CPU.ActiveCfg = Release|Any CPU
		{0AB9916E-14B3-415A-B4A6-F8DA0A1DFAD7}.Release|Any CPU.Build.0 = Release|Any CPU
		{004C1845-6D26-4E47-A060-BF35EC0FA1B5}.Debug|Any CPU.ActiveCfg = Debug|Any CPU
		{004C1845-6D26-4E47-A060-BF35EC0FA1B5}.Debug|Any CPU.Build.0 = Debug|Any CPU
		{004C1845-6D26-4E47-A060-BF35EC0FA1B5}.Release|Any CPU.ActiveCfg = Release|Any CPU
		{004C1845-6D26-4E47-A060-BF35EC0FA1B5}.Release|Any CPU.Build.0 = Release|Any CPU
		{CA54DBB3-25DA-48FB-ACBD-8DC0D3CA5CC7}.Debug|Any CPU.ActiveCfg = Debug|Any CPU
		{CA54DBB3-25DA-48FB-ACBD-8DC0D3CA5CC7}.Debug|Any CPU.Build.0 = Debug|Any CPU
		{CA54DBB3-25DA-48FB-ACBD-8DC0D3CA5CC7}.Release|Any CPU.ActiveCfg = Release|Any CPU
		{CA54DBB3-25DA-48FB-ACBD-8DC0D3CA5CC7}.Release|Any CPU.Build.0 = Release|Any CPU
		{2F6EB1CF-A90A-4E1D-8C72-5FEFF37497CC}.Debug|Any CPU.ActiveCfg = Debug|Any CPU
		{2F6EB1CF-A90A-4E1D-8C72-5FEFF37497CC}.Debug|Any CPU.Build.0 = Debug|Any CPU
		{2F6EB1CF-A90A-4E1D-8C72-5FEFF37497CC}.Release|Any CPU.ActiveCfg = Release|Any CPU
		{2F6EB1CF-A90A-4E1D-8C72-5FEFF37497CC}.Release|Any CPU.Build.0 = Release|Any CPU
		{2476340C-7CDD-4662-B055-95B4FBE88ECD}.Debug|Any CPU.ActiveCfg = Debug|Any CPU
		{2476340C-7CDD-4662-B055-95B4FBE88ECD}.Debug|Any CPU.Build.0 = Debug|Any CPU
		{2476340C-7CDD-4662-B055-95B4FBE88ECD}.Release|Any CPU.ActiveCfg = Release|Any CPU
		{2476340C-7CDD-4662-B055-95B4FBE88ECD}.Release|Any CPU.Build.0 = Release|Any CPU
		{1D0FF240-E4E8-48C7-A471-F5AF0E54F4C3}.Debug|Any CPU.ActiveCfg = Debug|Any CPU
		{1D0FF240-E4E8-48C7-A471-F5AF0E54F4C3}.Debug|Any CPU.Build.0 = Debug|Any CPU
		{1D0FF240-E4E8-48C7-A471-F5AF0E54F4C3}.Release|Any CPU.ActiveCfg = Release|Any CPU
		{1D0FF240-E4E8-48C7-A471-F5AF0E54F4C3}.Release|Any CPU.Build.0 = Release|Any CPU
		{B1C6A83D-0968-4583-81B4-A381B2580B9E}.Debug|Any CPU.ActiveCfg = Debug|Any CPU
		{B1C6A83D-0968-4583-81B4-A381B2580B9E}.Debug|Any CPU.Build.0 = Debug|Any CPU
		{B1C6A83D-0968-4583-81B4-A381B2580B9E}.Release|Any CPU.ActiveCfg = Release|Any CPU
		{B1C6A83D-0968-4583-81B4-A381B2580B9E}.Release|Any CPU.Build.0 = Release|Any CPU
	EndGlobalSection
	GlobalSection(SolutionProperties) = preSolution
		HideSolutionNode = FALSE
	EndGlobalSection
	GlobalSection(NestedProjects) = preSolution
		{F0620BF0-C7F4-4755-8D38-4CFC26FC131C} = {BD07DA4F-FC44-4C2E-8DC4-533EC187DC4F}
		{0AB9916E-14B3-415A-B4A6-F8DA0A1DFAD7} = {BD07DA4F-FC44-4C2E-8DC4-533EC187DC4F}
		{004C1845-6D26-4E47-A060-BF35EC0FA1B5} = {B29E3DBF-0225-4488-BD04-AF0E31CB1983}
		{CA54DBB3-25DA-48FB-ACBD-8DC0D3CA5CC7} = {B29E3DBF-0225-4488-BD04-AF0E31CB1983}
		{2F6EB1CF-A90A-4E1D-8C72-5FEFF37497CC} = {AD053AE5-94C7-45E9-92A2-930341E46E75}
		{2476340C-7CDD-4662-B055-95B4FBE88ECD} = {B29E3DBF-0225-4488-BD04-AF0E31CB1983}
		{1D0FF240-E4E8-48C7-A471-F5AF0E54F4C3} = {AD053AE5-94C7-45E9-92A2-930341E46E75}
		{B1C6A83D-0968-4583-81B4-A381B2580B9E} = {B29E3DBF-0225-4488-BD04-AF0E31CB1983}
	EndGlobalSection
	GlobalSection(ExtensibilityGlobals) = postSolution
		SolutionGuid = {38891C5C-BF70-4734-89CF-47193CDE1FA5}
	EndGlobalSection
EndGlobal
